lockfileVersion: 5.4

specifiers:
  '@openfeature/in-memory-provider': ^0.2.0
  '@openfeature/js-sdk': ^1.4.2
  feature-toggle-router: ^0.2.2

dependencies:
  '@openfeature/in-memory-provider': 0.2.0_@openfeature+js-sdk@1.4.2
  '@openfeature/js-sdk': 1.4.2
  feature-toggle-router: 0.2.2

packages:

  /@openfeature/in-memory-provider/0.2.0_@openfeature+js-sdk@1.4.2:
    resolution: {integrity: sha512-fRkoI1De3Wwhc85bucgR39bI6lOF3IVEmrYDJCnzvAui1XjgrtP/swrGpNu3LzXvx4dFGARpebNmLtHXtHJf1g==}
    peerDependencies:
      '@openfeature/js-sdk': ^1.3.0
    dependencies:
      '@openfeature/js-sdk': 1.4.2
    dev: false

  /@openfeature/js-sdk/1.4.2:
    resolution: {integrity: sha512-Qgi26g3r7agzeY9MqFttH8xFlliWf+fQwp3Y0UxaBAdLG4AguCtM7LHWfAXJBh1mIdxoepx1KEf5xzhC2f/BEQ==}
    engines: {node: '>=16'}
    dev: false

  /feature-toggle-router/0.2.2:
    resolution: {integrity: sha512-q0GrEyZKgYrqpezwNm20EgLk2hXvpr6yoDhVQhdix+/ZoyVjisj8/tS09rsYX+wrD0Q3E9JCpbOb6Q76jV19cA==}
    dependencies:
      typescript: 5.2.2
    dev: false

  /typescript/5.2.2:
    resolution: {integrity: sha512-mI4WrpHsbCIcwT9cF4FZvr80QUeKvsUsUvKDoR+X/7XHQH98xYD8YHZg7ANtz2GtZt/CBq2QJ0thkGJMHfqc1w==}
    engines: {node: '>=14.17'}
    hasBin: true
    dev: false
